{
  "name": "jay-webpack-scaffold",
  "version": "1.1.6",
  "lockfileVersion": 1,
  "requires": true,
  "dependencies": {
    "jay-respond": {
      "version": "1.4.3",
      "resolved": "https://registry.npmjs.org/jay-respond/-/jay-respond-1.4.3.tgz",
      "integrity": "sha512-8eYoF9m5pnAw2fMNq1ev8TfYzHJWXtbz3ZM39ZAFxJwH6BYkhNvWRmo+ZkN3KieKby9A4SB6i5q7RW0ERvQq5w=="
    }
  }
}
